
Microsoft Visual Studio Solution File, Format Version 12.00
# Visual Studio 2013
VisualStudioVersion = 12.0.31101.0
MinimumVisualStudioVersion = 10.0.40219.1
Project("{FAE04EC0-301F-11D3-BF4B-00C04F79EFBC}") = "Untipic", "Untipic\Untipic.csproj", "{2E015A0E-DA56-47EC-9494-3C844CECBC48}"
	ProjectSection(ProjectDependencies) = postProject
		{2DCBA1E4-719C-4A2D-99B9-16AF699A7894} = {2DCBA1E4-719C-4A2D-99B9-16AF699A7894}
	EndProjectSection
EndProject
Project("{FAE04EC0-301F-11D3-BF4B-00C04F79EFBC}") = "Untipic.UI", "Untipic.UI\Untipic.UI.csproj", "{2DCBA1E4-719C-4A2D-99B9-16AF699A7894}"
EndProject
Project("{FAE04EC0-301F-11D3-BF4B-00C04F79EFBC}") = "Untipic.Fonts", "Untipic.Fonts\Untipic.Fonts.csproj", "{24A4F8A9-B318-47D9-ACDE-D77257AF1AC8}"
EndProject
Project("{FAE04EC0-301F-11D3-BF4B-00C04F79EFBC}") = "Untipic.Presentation", "Untipic.Presentation\Untipic.Presentation.csproj", "{84F3A66F-DC38-486A-8E4F-0490202D5D24}"
EndProject
Project("{FAE04EC0-301F-11D3-BF4B-00C04F79EFBC}") = "Untipic.Business", "Untipic.Business\Untipic.Business.csproj", "{141EF59B-65A1-4334-AA5C-B311B6DC07A8}"
EndProject
Project("{FAE04EC0-301F-11D3-BF4B-00C04F79EFBC}") = "Untipic.Data", "Untipic.Data\Untipic.Data.csproj", "{54AE266E-0B9C-433C-9243-C10ADF685B76}"
EndProject
Global
	GlobalSection(SolutionConfigurationPlatforms) = preSolution
		Debug|Any CPU = Debug|Any CPU
		Mono Debug|Any CPU = Mono Debug|Any CPU
		Mono Release|Any CPU = Mono Release|Any CPU
		Release|Any CPU = Release|Any CPU
	EndGlobalSection
	GlobalSection(ProjectConfigurationPlatforms) = postSolution
		{2E015A0E-DA56-47EC-9494-3C844CECBC48}.Debug|Any CPU.ActiveCfg = Debug|Any CPU
		{2E015A0E-DA56-47EC-9494-3C844CECBC48}.Debug|Any CPU.Build.0 = Debug|Any CPU
		{2E015A0E-DA56-47EC-9494-3C844CECBC48}.Mono Debug|Any CPU.ActiveCfg = Mono Debug|Any CPU
		{2E015A0E-DA56-47EC-9494-3C844CECBC48}.Mono Debug|Any CPU.Build.0 = Mono Debug|Any CPU
		{2E015A0E-DA56-47EC-9494-3C844CECBC48}.Mono Release|Any CPU.ActiveCfg = Mono Release|Any CPU
		{2E015A0E-DA56-47EC-9494-3C844CECBC48}.Mono Release|Any CPU.Build.0 = Mono Release|Any CPU
		{2E015A0E-DA56-47EC-9494-3C844CECBC48}.Release|Any CPU.ActiveCfg = Release|Any CPU
		{2E015A0E-DA56-47EC-9494-3C844CECBC48}.Release|Any CPU.Build.0 = Release|Any CPU
		{2DCBA1E4-719C-4A2D-99B9-16AF699A7894}.Debug|Any CPU.ActiveCfg = Debug|Any CPU
		{2DCBA1E4-719C-4A2D-99B9-16AF699A7894}.Debug|Any CPU.Build.0 = Debug|Any CPU
		{2DCBA1E4-719C-4A2D-99B9-16AF699A7894}.Mono Debug|Any CPU.ActiveCfg = Mono Debug|Any CPU
		{2DCBA1E4-719C-4A2D-99B9-16AF699A7894}.Mono Release|Any CPU.ActiveCfg = Mono Release|Any CPU
		{2DCBA1E4-719C-4A2D-99B9-16AF699A7894}.Release|Any CPU.ActiveCfg = Release|Any CPU
		{2DCBA1E4-719C-4A2D-99B9-16AF699A7894}.Release|Any CPU.Build.0 = Release|Any CPU
		{24A4F8A9-B318-47D9-ACDE-D77257AF1AC8}.Debug|Any CPU.ActiveCfg = Debug|Any CPU
		{24A4F8A9-B318-47D9-ACDE-D77257AF1AC8}.Debug|Any CPU.Build.0 = Debug|Any CPU
		{24A4F8A9-B318-47D9-ACDE-D77257AF1AC8}.Mono Debug|Any CPU.ActiveCfg = Debug|Any CPU
		{24A4F8A9-B318-47D9-ACDE-D77257AF1AC8}.Mono Debug|Any CPU.Build.0 = Debug|Any CPU
		{24A4F8A9-B318-47D9-ACDE-D77257AF1AC8}.Mono Release|Any CPU.ActiveCfg = Release|Any CPU
		{24A4F8A9-B318-47D9-ACDE-D77257AF1AC8}.Mono Release|Any CPU.Build.0 = Release|Any CPU
		{24A4F8A9-B318-47D9-ACDE-D77257AF1AC8}.Release|Any CPU.ActiveCfg = Release|Any CPU
		{24A4F8A9-B318-47D9-ACDE-D77257AF1AC8}.Release|Any CPU.Build.0 = Release|Any CPU
		{84F3A66F-DC38-486A-8E4F-0490202D5D24}.Debug|Any CPU.ActiveCfg = Debug|Any CPU
		{84F3A66F-DC38-486A-8E4F-0490202D5D24}.Debug|Any CPU.Build.0 = Debug|Any CPU
		{84F3A66F-DC38-486A-8E4F-0490202D5D24}.Mono Debug|Any CPU.ActiveCfg = Debug|Any CPU
		{84F3A66F-DC38-486A-8E4F-0490202D5D24}.Mono Debug|Any CPU.Build.0 = Debug|Any CPU
		{84F3A66F-DC38-486A-8E4F-0490202D5D24}.Mono Release|Any CPU.ActiveCfg = Release|Any CPU
		{84F3A66F-DC38-486A-8E4F-0490202D5D24}.Mono Release|Any CPU.Build.0 = Release|Any CPU
		{84F3A66F-DC38-486A-8E4F-0490202D5D24}.Release|Any CPU.ActiveCfg = Release|Any CPU
		{84F3A66F-DC38-486A-8E4F-0490202D5D24}.Release|Any CPU.Build.0 = Release|Any CPU
		{141EF59B-65A1-4334-AA5C-B311B6DC07A8}.Debug|Any CPU.ActiveCfg = Debug|Any CPU
		{141EF59B-65A1-4334-AA5C-B311B6DC07A8}.Debug|Any CPU.Build.0 = Debug|Any CPU
		{141EF59B-65A1-4334-AA5C-B311B6DC07A8}.Mono Debug|Any CPU.ActiveCfg = Debug|Any CPU
		{141EF59B-65A1-4334-AA5C-B311B6DC07A8}.Mono Debug|Any CPU.Build.0 = Debug|Any CPU
		{141EF59B-65A1-4334-AA5C-B311B6DC07A8}.Mono Release|Any CPU.ActiveCfg = Release|Any CPU
		{141EF59B-65A1-4334-AA5C-B311B6DC07A8}.Mono Release|Any CPU.Build.0 = Release|Any CPU
		{141EF59B-65A1-4334-AA5C-B311B6DC07A8}.Release|Any CPU.ActiveCfg = Release|Any CPU
		{141EF59B-65A1-4334-AA5C-B311B6DC07A8}.Release|Any CPU.Build.0 = Release|Any CPU
		{54AE266E-0B9C-433C-9243-C10ADF685B76}.Debug|Any CPU.ActiveCfg = Debug|Any CPU
		{54AE266E-0B9C-433C-9243-C10ADF685B76}.Debug|Any CPU.Build.0 = Debug|Any CPU
		{54AE266E-0B9C-433C-9243-C10ADF685B76}.Mono Debug|Any CPU.ActiveCfg = Debug|Any CPU
		{54AE266E-0B9C-433C-9243-C10ADF685B76}.Mono Debug|Any CPU.Build.0 = Debug|Any CPU
		{54AE266E-0B9C-433C-9243-C10ADF685B76}.Mono Release|Any CPU.ActiveCfg = Release|Any CPU
		{54AE266E-0B9C-433C-9243-C10ADF685B76}.Mono Release|Any CPU.Build.0 = Release|Any CPU
		{54AE266E-0B9C-433C-9243-C10ADF685B76}.Release|Any CPU.ActiveCfg = Release|Any CPU
		{54AE266E-0B9C-433C-9243-C10ADF685B76}.Release|Any CPU.Build.0 = Release|Any CPU
	EndGlobalSection
	GlobalSection(SolutionProperties) = preSolution
		HideSolutionNode = FALSE
	EndGlobalSection
EndGlobal
